
Microsoft Visual Studio Solution File, Format Version 12.00
# Visual Studio Version 16
VisualStudioVersion = 16.0.29509.3
MinimumVisualStudioVersion = 10.0.40219.1
Project("{9A19103F-16F7-4668-BE54-9A1E7A4F7556}") = "Zhaoxi.AspNetCore31.DockerProject", "Zhaoxi.AspNetCore31.DockerProject\Zhaoxi.AspNetCore31.DockerProject.csproj", "{08C88164-A86E-4E1E-8A15-503F2F93F27B}"
EndProject
Global
	GlobalSection(SolutionConfigurationPlatforms) = preSolution
		Debug|Any CPU = Debug|Any CPU
		Release|Any CPU = Release|Any CPU
	EndGlobalSection
	GlobalSection(ProjectConfigurationPlatforms) = postSolution
		{08C88164-A86E-4E1E-8A15-503F2F93F27B}.Debug|Any CPU.ActiveCfg = Debug|Any CPU
		{08C88164-A86E-4E1E-8A15-503F2F93F27B}.Debug|Any CPU.Build.0 = Debug|Any CPU
		{08C88164-A86E-4E1E-8A15-503F2F93F27B}.Release|Any CPU.ActiveCfg = Release|Any CPU
		{08C88164-A86E-4E1E-8A15-503F2F93F27B}.Release|Any CPU.Build.0 = Release|Any CPU
	EndGlobalSection
	GlobalSection(SolutionProperties) = preSolution
		HideSolutionNode = FALSE
	EndGlobalSection
	GlobalSection(ExtensibilityGlobals) = postSolution
		SolutionGuid = {2E2736AA-E91C-47CF-B02A-A383563781AC}
	EndGlobalSection
EndGlobal
